
Microsoft Visual Studio Solution File, Format Version 12.00
# Visual Studio Version 16
VisualStudioVersion = 16.0.28803.352
MinimumVisualStudioVersion = 10.0.40219.1
Project("{9A19103F-16F7-4668-BE54-9A1E7A4F7556}") = "dClient", "dClient\dClient.csproj", "{E007AB0F-A52C-488C-90EF-87BC680AA1B7}"
EndProject
Global
	GlobalSection(SolutionConfigurationPlatforms) = preSolution
		Debug|Any CPU = Debug|Any CPU
		Release|Any CPU = Release|Any CPU
	EndGlobalSection
	GlobalSection(ProjectConfigurationPlatforms) = postSolution
		{E007AB0F-A52C-488C-90EF-87BC680AA1B7}.Debug|Any CPU.ActiveCfg = Debug|Any CPU
		{E007AB0F-A52C-488C-90EF-87BC680AA1B7}.Debug|Any CPU.Build.0 = Debug|Any CPU
		{E007AB0F-A52C-488C-90EF-87BC680AA1B7}.Release|Any CPU.ActiveCfg = Release|Any CPU
		{E007AB0F-A52C-488C-90EF-87BC680AA1B7}.Release|Any CPU.Build.0 = Release|Any CPU
	EndGlobalSection
	GlobalSection(SolutionProperties) = preSolution
		HideSolutionNode = FALSE
	EndGlobalSection
	GlobalSection(ExtensibilityGlobals) = postSolution
		SolutionGuid = {41FCBFEE-C133-468F-A1C1-010FAB3670F8}
	EndGlobalSection
EndGlobal
